
Microsoft Visual Studio Solution File, Format Version 12.00
Project("{FAE04EC0-301F-11D3-BF4B-00C04F79EFBC}") = "FountainOfObjects", "FountainOfObjects.csproj", "{EB922FE0-639A-4D34-B0DD-07DBEEF64837}"
EndProject
Global
	GlobalSection(SolutionConfigurationPlatforms) = preSolution
		Debug|Any CPU = Debug|Any CPU
		Release|Any CPU = Release|Any CPU
	EndGlobalSection
	GlobalSection(ProjectConfigurationPlatforms) = postSolution
		{EB922FE0-639A-4D34-B0DD-07DBEEF64837}.Debug|Any CPU.ActiveCfg = Debug|Any CPU
		{EB922FE0-639A-4D34-B0DD-07DBEEF64837}.Debug|Any CPU.Build.0 = Debug|Any CPU
		{EB922FE0-639A-4D34-B0DD-07DBEEF64837}.Release|Any CPU.ActiveCfg = Release|Any CPU
		{EB922FE0-639A-4D34-B0DD-07DBEEF64837}.Release|Any CPU.Build.0 = Release|Any CPU
	EndGlobalSection
EndGlobal
